// !$*UTF8*$!
{
	archiveVersion = 1;
	classes = {
	};
	objectVersion = 56;
	objects = {

/* Begin PBXBuildFile section */
		942E34D72991A66B009F844A /* ListMovieCoordinator.swift in Sources */ = {isa = PBXBuildFile; fileRef = 942E34D62991A66B009F844A /* ListMovieCoordinator.swift */; };
		942E34D92991A6FB009F844A /* BaseCoordinator.swift in Sources */ = {isa = PBXBuildFile; fileRef = 942E34D82991A6FB009F844A /* BaseCoordinator.swift */; };
		942E34DC2991AC60009F844A /* AssemblyBuilder.swift in Sources */ = {isa = PBXBuildFile; fileRef = 942E34DB2991AC60009F844A /* AssemblyBuilder.swift */; };
		942E34DE2991AC84009F844A /* AssemblyBuilderProtocol.swift in Sources */ = {isa = PBXBuildFile; fileRef = 942E34DD2991AC84009F844A /* AssemblyBuilderProtocol.swift */; };
		942E34E02991AEE7009F844A /* ApplicationCoordinator.swift in Sources */ = {isa = PBXBuildFile; fileRef = 942E34DF2991AEE7009F844A /* ApplicationCoordinator.swift */; };
		942E34E42991BB0D009F844A /* ListMovieViewModelProtocol.swift in Sources */ = {isa = PBXBuildFile; fileRef = 942E34E32991BB0D009F844A /* ListMovieViewModelProtocol.swift */; };
		942E34E62991BC14009F844A /* ListMovieViewModel.swift in Sources */ = {isa = PBXBuildFile; fileRef = 942E34E52991BC14009F844A /* ListMovieViewModel.swift */; };
		943180DF290B25F80010D03F /* CustomLabel.swift in Sources */ = {isa = PBXBuildFile; fileRef = 943180DE290B25F80010D03F /* CustomLabel.swift */; };
		943180E1290B53A70010D03F /* NSMutableAttributedString+Extension.swift in Sources */ = {isa = PBXBuildFile; fileRef = 943180E0290B53A70010D03F /* NSMutableAttributedString+Extension.swift */; };
		9431FAA229094BB100BFF7C3 /* DetailMovieViewController.swift in Sources */ = {isa = PBXBuildFile; fileRef = 9431FAA129094BB100BFF7C3 /* DetailMovieViewController.swift */; };
		943CD4022992BD4F00C1FC7A /* AlertDelegate.swift in Sources */ = {isa = PBXBuildFile; fileRef = 943CD4012992BD4F00C1FC7A /* AlertDelegate.swift */; };
		943CD4042992F62500C1FC7A /* ListMovieStates.swift in Sources */ = {isa = PBXBuildFile; fileRef = 943CD4032992F62500C1FC7A /* ListMovieStates.swift */; };
		944DBC1A29951252009AC31B /* MovieDataModel.xcdatamodeld in Sources */ = {isa = PBXBuildFile; fileRef = 944DBC1829951252009AC31B /* MovieDataModel.xcdatamodeld */; };
		944DBC1C29957F05009AC31B /* CoreDataServiceProtocol.swift in Sources */ = {isa = PBXBuildFile; fileRef = 944DBC1B29957F05009AC31B /* CoreDataServiceProtocol.swift */; };
		944DBC2429980B29009AC31B /* UIKitMovieUITests.swift in Sources */ = {isa = PBXBuildFile; fileRef = 944DBC2329980B29009AC31B /* UIKitMovieUITests.swift */; };
		944DBC2629980B29009AC31B /* UIKitMovieUITestsLaunchTests.swift in Sources */ = {isa = PBXBuildFile; fileRef = 944DBC2529980B29009AC31B /* UIKitMovieUITestsLaunchTests.swift */; };
		944DBC33299813C7009AC31B /* ListMovieViewModelTests.swift in Sources */ = {isa = PBXBuildFile; fileRef = 944DBC32299813C7009AC31B /* ListMovieViewModelTests.swift */; };
		944DBC3A29981C84009AC31B /* MockNetworkService.swift in Sources */ = {isa = PBXBuildFile; fileRef = 944DBC3929981C84009AC31B /* MockNetworkService.swift */; };
		945B0001299824AB0062F11D /* MockMovie.json in Resources */ = {isa = PBXBuildFile; fileRef = 945B0000299824AB0062F11D /* MockMovie.json */; };
		945B0003299829330062F11D /* MockKeyChainService.swift in Sources */ = {isa = PBXBuildFile; fileRef = 945B0002299829330062F11D /* MockKeyChainService.swift */; };
		945B0005299832C20062F11D /* MockImageService.swift in Sources */ = {isa = PBXBuildFile; fileRef = 945B0004299832C20062F11D /* MockImageService.swift */; };
		945B00072998358D0062F11D /* MockImageNetworkService.swift in Sources */ = {isa = PBXBuildFile; fileRef = 945B00062998358D0062F11D /* MockImageNetworkService.swift */; };
		945B0009299835EF0062F11D /* MockCoreDataService.swift in Sources */ = {isa = PBXBuildFile; fileRef = 945B0008299835EF0062F11D /* MockCoreDataService.swift */; };
		945B000D29984EA50062F11D /* DetailMovieViewModelTests.swift in Sources */ = {isa = PBXBuildFile; fileRef = 945B000C29984EA50062F11D /* DetailMovieViewModelTests.swift */; };
		946853AB299132A500C98D3F /* MethodType.swift in Sources */ = {isa = PBXBuildFile; fileRef = 946853AA299132A500C98D3F /* MethodType.swift */; };
		946853AD2991330A00C98D3F /* NetworkService.swift in Sources */ = {isa = PBXBuildFile; fileRef = 946853AC2991330A00C98D3F /* NetworkService.swift */; };
		946853AF299157DE00C98D3F /* UIViewController+Extension.swift in Sources */ = {isa = PBXBuildFile; fileRef = 946853AE299157DE00C98D3F /* UIViewController+Extension.swift */; };
		946853B129916C5400C98D3F /* ResultsMovie.swift in Sources */ = {isa = PBXBuildFile; fileRef = 946853B029916C5400C98D3F /* ResultsMovie.swift */; };
		946853B329917B7500C98D3F /* NetworkServiceProtocol.swift in Sources */ = {isa = PBXBuildFile; fileRef = 946853B229917B7500C98D3F /* NetworkServiceProtocol.swift */; };
		946EC32529941D8A00A10FBA /* KeyChainService.swift in Sources */ = {isa = PBXBuildFile; fileRef = 946EC32429941D8A00A10FBA /* KeyChainService.swift */; };
		946EC32829941DD800A10FBA /* KeyChainServiceProtocol.swift in Sources */ = {isa = PBXBuildFile; fileRef = 946EC32729941DD800A10FBA /* KeyChainServiceProtocol.swift */; };
		946EC32E29944A9600A10FBA /* CoreDataService.swift in Sources */ = {isa = PBXBuildFile; fileRef = 946EC32D29944A9600A10FBA /* CoreDataService.swift */; };
		9474D81529070B9600C41961 /* AppDelegate.swift in Sources */ = {isa = PBXBuildFile; fileRef = 9474D81429070B9600C41961 /* AppDelegate.swift */; };
		9474D81729070B9600C41961 /* SceneDelegate.swift in Sources */ = {isa = PBXBuildFile; fileRef = 9474D81629070B9600C41961 /* SceneDelegate.swift */; };
		9474D81929070B9600C41961 /* ListMovieViewController.swift in Sources */ = {isa = PBXBuildFile; fileRef = 9474D81829070B9600C41961 /* ListMovieViewController.swift */; };
		9474D81C29070B9600C41961 /* Main.storyboard in Resources */ = {isa = PBXBuildFile; fileRef = 9474D81A29070B9600C41961 /* Main.storyboard */; };
		9474D81E29070B9700C41961 /* Assets.xcassets in Resources */ = {isa = PBXBuildFile; fileRef = 9474D81D29070B9700C41961 /* Assets.xcassets */; };
		9474D82129070B9700C41961 /* LaunchScreen.storyboard in Resources */ = {isa = PBXBuildFile; fileRef = 9474D81F29070B9700C41961 /* LaunchScreen.storyboard */; };
		9474D82B29075EA900C41961 /* Movie.swift in Sources */ = {isa = PBXBuildFile; fileRef = 9474D82A29075EA900C41961 /* Movie.swift */; };
		9474D83129080FB000C41961 /* ListMovieTableViewCell.swift in Sources */ = {isa = PBXBuildFile; fileRef = 9474D83029080FB000C41961 /* ListMovieTableViewCell.swift */; };
		9488D50F2998DD13009929FF /* MockCoordinator.swift in Sources */ = {isa = PBXBuildFile; fileRef = 9488D50E2998DD13009929FF /* MockCoordinator.swift */; };
		9488D5112998DDA3009929FF /* BaseCoordinatorTests.swift in Sources */ = {isa = PBXBuildFile; fileRef = 9488D5102998DDA3009929FF /* BaseCoordinatorTests.swift */; };
		9488D5132998ED17009929FF /* NetworkServiceTests.swift in Sources */ = {isa = PBXBuildFile; fileRef = 9488D5122998ED17009929FF /* NetworkServiceTests.swift */; };
		9488D51529990F16009929FF /* KeyChainServiceTests.swift in Sources */ = {isa = PBXBuildFile; fileRef = 9488D51429990F16009929FF /* KeyChainServiceTests.swift */; };
		9488D51729991357009929FF /* AssemblyBuilderTests.swift in Sources */ = {isa = PBXBuildFile; fileRef = 9488D51629991357009929FF /* AssemblyBuilderTests.swift */; };
		9488D51929992BD4009929FF /* MockFileService.swift in Sources */ = {isa = PBXBuildFile; fileRef = 9488D51829992BD4009929FF /* MockFileService.swift */; };
		9488D51B29992C8F009929FF /* MockProxy.swift in Sources */ = {isa = PBXBuildFile; fileRef = 9488D51A29992C8F009929FF /* MockProxy.swift */; };
		9488D51D299930A0009929FF /* FileServiceTests.swift in Sources */ = {isa = PBXBuildFile; fileRef = 9488D51C299930A0009929FF /* FileServiceTests.swift */; };
		9488D51F299938D2009929FF /* ImageNetworkServiceTests.swift in Sources */ = {isa = PBXBuildFile; fileRef = 9488D51E299938D2009929FF /* ImageNetworkServiceTests.swift */; };
		9488D52129997BD2009929FF /* ProxyTests.swift in Sources */ = {isa = PBXBuildFile; fileRef = 9488D52029997BD2009929FF /* ProxyTests.swift */; };
		9491895229927A860048071C /* DetailMovieViewModel.swift in Sources */ = {isa = PBXBuildFile; fileRef = 9491895129927A860048071C /* DetailMovieViewModel.swift */; };
		9491895429927A9D0048071C /* DetailMovieViewModelProtocol.swift in Sources */ = {isa = PBXBuildFile; fileRef = 9491895329927A9D0048071C /* DetailMovieViewModelProtocol.swift */; };
		94996546299194D200BA2F99 /* FileService.swift in Sources */ = {isa = PBXBuildFile; fileRef = 94996545299194D200BA2F99 /* FileService.swift */; };
		94996548299194F500BA2F99 /* FileServiceProtocol.swift in Sources */ = {isa = PBXBuildFile; fileRef = 94996547299194F500BA2F99 /* FileServiceProtocol.swift */; };
		9499654A2991955B00BA2F99 /* ImageNetworkService.swift in Sources */ = {isa = PBXBuildFile; fileRef = 949965492991955B00BA2F99 /* ImageNetworkService.swift */; };
		9499654C2991957700BA2F99 /* ImageNetworkServiceProtocol.swift in Sources */ = {isa = PBXBuildFile; fileRef = 9499654B2991957700BA2F99 /* ImageNetworkServiceProtocol.swift */; };
		94996551299197C300BA2F99 /* ProxyProtocol.swift in Sources */ = {isa = PBXBuildFile; fileRef = 94996550299197C300BA2F99 /* ProxyProtocol.swift */; };
		949965532991980900BA2F99 /* Proxy.swift in Sources */ = {isa = PBXBuildFile; fileRef = 949965522991980900BA2F99 /* Proxy.swift */; };
		949965562991990700BA2F99 /* ImageService.swift in Sources */ = {isa = PBXBuildFile; fileRef = 949965552991990700BA2F99 /* ImageService.swift */; };
		949965582991991D00BA2F99 /* ImageServiceProtocol.swift in Sources */ = {isa = PBXBuildFile; fileRef = 949965572991991D00BA2F99 /* ImageServiceProtocol.swift */; };
		94D945062993C985002A8EF7 /* Typealias.swift in Sources */ = {isa = PBXBuildFile; fileRef = 94D945052993C985002A8EF7 /* Typealias.swift */; };
		E56B75E47B428DE4BB640776 /* Pods_UIKitMovie.framework in Frameworks */ = {isa = PBXBuildFile; fileRef = C58CFC69DBA41AB2AC53943A /* Pods_UIKitMovie.framework */; };
/* End PBXBuildFile section */

/* Begin PBXContainerItemProxy section */
		944DBC2729980B29009AC31B /* PBXContainerItemProxy */ = {
			isa = PBXContainerItemProxy;
			containerPortal = 9474D80929070B9600C41961 /* Project object */;
			proxyType = 1;
			remoteGlobalIDString = 9474D81029070B9600C41961;
			remoteInfo = UIKitMovie;
		};
		944DBC34299813C7009AC31B /* PBXContainerItemProxy */ = {
			isa = PBXContainerItemProxy;
			containerPortal = 9474D80929070B9600C41961 /* Project object */;
			proxyType = 1;
			remoteGlobalIDString = 9474D81029070B9600C41961;
			remoteInfo = UIKitMovie;
		};
/* End PBXContainerItemProxy section */

/* Begin PBXFileReference section */
		7434E7BB88BEACA9F0035843 /* Pods-UIKitMovie.debug.xcconfig */ = {isa = PBXFileReference; includeInIndex = 1; lastKnownFileType = text.xcconfig; name = "Pods-UIKitMovie.debug.xcconfig"; path = "Target Support Files/Pods-UIKitMovie/Pods-UIKitMovie.debug.xcconfig"; sourceTree = "<group>"; };
		942E34D62991A66B009F844A /* ListMovieCoordinator.swift */ = {isa = PBXFileReference; lastKnownFileType = sourcecode.swift; path = ListMovieCoordinator.swift; sourceTree = "<group>"; };
		942E34D82991A6FB009F844A /* BaseCoordinator.swift */ = {isa = PBXFileReference; lastKnownFileType = sourcecode.swift; path = BaseCoordinator.swift; sourceTree = "<group>"; };
		942E34DB2991AC60009F844A /* AssemblyBuilder.swift */ = {isa = PBXFileReference; lastKnownFileType = sourcecode.swift; path = AssemblyBuilder.swift; sourceTree = "<group>"; };
		942E34DD2991AC84009F844A /* AssemblyBuilderProtocol.swift */ = {isa = PBXFileReference; lastKnownFileType = sourcecode.swift; path = AssemblyBuilderProtocol.swift; sourceTree = "<group>"; };
		942E34DF2991AEE7009F844A /* ApplicationCoordinator.swift */ = {isa = PBXFileReference; lastKnownFileType = sourcecode.swift; path = ApplicationCoordinator.swift; sourceTree = "<group>"; };
		942E34E32991BB0D009F844A /* ListMovieViewModelProtocol.swift */ = {isa = PBXFileReference; lastKnownFileType = sourcecode.swift; path = ListMovieViewModelProtocol.swift; sourceTree = "<group>"; };
		942E34E52991BC14009F844A /* ListMovieViewModel.swift */ = {isa = PBXFileReference; lastKnownFileType = sourcecode.swift; path = ListMovieViewModel.swift; sourceTree = "<group>"; };
		943180DE290B25F80010D03F /* CustomLabel.swift */ = {isa = PBXFileReference; lastKnownFileType = sourcecode.swift; path = CustomLabel.swift; sourceTree = "<group>"; };
		943180E0290B53A70010D03F /* NSMutableAttributedString+Extension.swift */ = {isa = PBXFileReference; lastKnownFileType = sourcecode.swift; path = "NSMutableAttributedString+Extension.swift"; sourceTree = "<group>"; };
		9431FAA129094BB100BFF7C3 /* DetailMovieViewController.swift */ = {isa = PBXFileReference; lastKnownFileType = sourcecode.swift; path = DetailMovieViewController.swift; sourceTree = "<group>"; };
		943CD4012992BD4F00C1FC7A /* AlertDelegate.swift */ = {isa = PBXFileReference; lastKnownFileType = sourcecode.swift; path = AlertDelegate.swift; sourceTree = "<group>"; };
		943CD4032992F62500C1FC7A /* ListMovieStates.swift */ = {isa = PBXFileReference; lastKnownFileType = sourcecode.swift; path = ListMovieStates.swift; sourceTree = "<group>"; };
		944DBC1929951252009AC31B /* MovieDataModel.xcdatamodel */ = {isa = PBXFileReference; lastKnownFileType = wrapper.xcdatamodel; path = MovieDataModel.xcdatamodel; sourceTree = "<group>"; };
		944DBC1B29957F05009AC31B /* CoreDataServiceProtocol.swift */ = {isa = PBXFileReference; lastKnownFileType = sourcecode.swift; path = CoreDataServiceProtocol.swift; sourceTree = "<group>"; };
		944DBC2129980B29009AC31B /* UIKitMovieUITests.xctest */ = {isa = PBXFileReference; explicitFileType = wrapper.cfbundle; includeInIndex = 0; path = UIKitMovieUITests.xctest; sourceTree = BUILT_PRODUCTS_DIR; };
		944DBC2329980B29009AC31B /* UIKitMovieUITests.swift */ = {isa = PBXFileReference; lastKnownFileType = sourcecode.swift; path = UIKitMovieUITests.swift; sourceTree = "<group>"; };
		944DBC2529980B29009AC31B /* UIKitMovieUITestsLaunchTests.swift */ = {isa = PBXFileReference; lastKnownFileType = sourcecode.swift; path = UIKitMovieUITestsLaunchTests.swift; sourceTree = "<group>"; };
		944DBC30299813C7009AC31B /* UIKitMovieTests.xctest */ = {isa = PBXFileReference; explicitFileType = wrapper.cfbundle; includeInIndex = 0; path = UIKitMovieTests.xctest; sourceTree = BUILT_PRODUCTS_DIR; };
		944DBC32299813C7009AC31B /* ListMovieViewModelTests.swift */ = {isa = PBXFileReference; lastKnownFileType = sourcecode.swift; path = ListMovieViewModelTests.swift; sourceTree = "<group>"; };
		944DBC3929981C84009AC31B /* MockNetworkService.swift */ = {isa = PBXFileReference; lastKnownFileType = sourcecode.swift; path = MockNetworkService.swift; sourceTree = "<group>"; };
		945B0000299824AB0062F11D /* MockMovie.json */ = {isa = PBXFileReference; fileEncoding = 4; lastKnownFileType = text.json; path = MockMovie.json; sourceTree = "<group>"; };
		945B0002299829330062F11D /* MockKeyChainService.swift */ = {isa = PBXFileReference; lastKnownFileType = sourcecode.swift; path = MockKeyChainService.swift; sourceTree = "<group>"; };
		945B0004299832C20062F11D /* MockImageService.swift */ = {isa = PBXFileReference; lastKnownFileType = sourcecode.swift; path = MockImageService.swift; sourceTree = "<group>"; };
		945B00062998358D0062F11D /* MockImageNetworkService.swift */ = {isa = PBXFileReference; lastKnownFileType = sourcecode.swift; path = MockImageNetworkService.swift; sourceTree = "<group>"; };
		945B0008299835EF0062F11D /* MockCoreDataService.swift */ = {isa = PBXFileReference; lastKnownFileType = sourcecode.swift; path = MockCoreDataService.swift; sourceTree = "<group>"; };
		945B000C29984EA50062F11D /* DetailMovieViewModelTests.swift */ = {isa = PBXFileReference; lastKnownFileType = sourcecode.swift; path = DetailMovieViewModelTests.swift; sourceTree = "<group>"; };
		946853AA299132A500C98D3F /* MethodType.swift */ = {isa = PBXFileReference; lastKnownFileType = sourcecode.swift; path = MethodType.swift; sourceTree = "<group>"; };
		946853AC2991330A00C98D3F /* NetworkService.swift */ = {isa = PBXFileReference; lastKnownFileType = sourcecode.swift; path = NetworkService.swift; sourceTree = "<group>"; };
		946853AE299157DE00C98D3F /* UIViewController+Extension.swift */ = {isa = PBXFileReference; lastKnownFileType = sourcecode.swift; path = "UIViewController+Extension.swift"; sourceTree = "<group>"; };
		946853B029916C5400C98D3F /* ResultsMovie.swift */ = {isa = PBXFileReference; lastKnownFileType = sourcecode.swift; path = ResultsMovie.swift; sourceTree = "<group>"; };
		946853B229917B7500C98D3F /* NetworkServiceProtocol.swift */ = {isa = PBXFileReference; lastKnownFileType = sourcecode.swift; path = NetworkServiceProtocol.swift; sourceTree = "<group>"; };
		946EC32429941D8A00A10FBA /* KeyChainService.swift */ = {isa = PBXFileReference; lastKnownFileType = sourcecode.swift; path = KeyChainService.swift; sourceTree = "<group>"; };
		946EC32729941DD800A10FBA /* KeyChainServiceProtocol.swift */ = {isa = PBXFileReference; lastKnownFileType = sourcecode.swift; path = KeyChainServiceProtocol.swift; sourceTree = "<group>"; };
		946EC32D29944A9600A10FBA /* CoreDataService.swift */ = {isa = PBXFileReference; lastKnownFileType = sourcecode.swift; path = CoreDataService.swift; sourceTree = "<group>"; };
		9474D81129070B9600C41961 /* UIKitMovie.app */ = {isa = PBXFileReference; explicitFileType = wrapper.application; includeInIndex = 0; path = UIKitMovie.app; sourceTree = BUILT_PRODUCTS_DIR; };
		9474D81429070B9600C41961 /* AppDelegate.swift */ = {isa = PBXFileReference; lastKnownFileType = sourcecode.swift; path = AppDelegate.swift; sourceTree = "<group>"; };
		9474D81629070B9600C41961 /* SceneDelegate.swift */ = {isa = PBXFileReference; lastKnownFileType = sourcecode.swift; path = SceneDelegate.swift; sourceTree = "<group>"; };
		9474D81829070B9600C41961 /* ListMovieViewController.swift */ = {isa = PBXFileReference; lastKnownFileType = sourcecode.swift; path = ListMovieViewController.swift; sourceTree = "<group>"; };
		9474D81B29070B9600C41961 /* Base */ = {isa = PBXFileReference; lastKnownFileType = file.storyboard; name = Base; path = Base.lproj/Main.storyboard; sourceTree = "<group>"; };
		9474D81D29070B9700C41961 /* Assets.xcassets */ = {isa = PBXFileReference; lastKnownFileType = folder.assetcatalog; path = Assets.xcassets; sourceTree = "<group>"; };
		9474D82029070B9700C41961 /* Base */ = {isa = PBXFileReference; lastKnownFileType = file.storyboard; name = Base; path = Base.lproj/LaunchScreen.storyboard; sourceTree = "<group>"; };
		9474D82229070B9700C41961 /* Info.plist */ = {isa = PBXFileReference; lastKnownFileType = text.plist.xml; path = Info.plist; sourceTree = "<group>"; };
		9474D82A29075EA900C41961 /* Movie.swift */ = {isa = PBXFileReference; lastKnownFileType = sourcecode.swift; path = Movie.swift; sourceTree = "<group>"; };
		9474D83029080FB000C41961 /* ListMovieTableViewCell.swift */ = {isa = PBXFileReference; lastKnownFileType = sourcecode.swift; path = ListMovieTableViewCell.swift; sourceTree = "<group>"; };
		9488D50E2998DD13009929FF /* MockCoordinator.swift */ = {isa = PBXFileReference; lastKnownFileType = sourcecode.swift; path = MockCoordinator.swift; sourceTree = "<group>"; };
		9488D5102998DDA3009929FF /* BaseCoordinatorTests.swift */ = {isa = PBXFileReference; lastKnownFileType = sourcecode.swift; path = BaseCoordinatorTests.swift; sourceTree = "<group>"; };
		9488D5122998ED17009929FF /* NetworkServiceTests.swift */ = {isa = PBXFileReference; lastKnownFileType = sourcecode.swift; path = NetworkServiceTests.swift; sourceTree = "<group>"; };
		9488D51429990F16009929FF /* KeyChainServiceTests.swift */ = {isa = PBXFileReference; lastKnownFileType = sourcecode.swift; path = KeyChainServiceTests.swift; sourceTree = "<group>"; };
		9488D51629991357009929FF /* AssemblyBuilderTests.swift */ = {isa = PBXFileReference; lastKnownFileType = sourcecode.swift; path = AssemblyBuilderTests.swift; sourceTree = "<group>"; };
		9488D51829992BD4009929FF /* MockFileService.swift */ = {isa = PBXFileReference; lastKnownFileType = sourcecode.swift; path = MockFileService.swift; sourceTree = "<group>"; };
		9488D51A29992C8F009929FF /* MockProxy.swift */ = {isa = PBXFileReference; lastKnownFileType = sourcecode.swift; path = MockProxy.swift; sourceTree = "<group>"; };
		9488D51C299930A0009929FF /* FileServiceTests.swift */ = {isa = PBXFileReference; lastKnownFileType = sourcecode.swift; path = FileServiceTests.swift; sourceTree = "<group>"; };
		9488D51E299938D2009929FF /* ImageNetworkServiceTests.swift */ = {isa = PBXFileReference; lastKnownFileType = sourcecode.swift; path = ImageNetworkServiceTests.swift; sourceTree = "<group>"; };
		9488D52029997BD2009929FF /* ProxyTests.swift */ = {isa = PBXFileReference; lastKnownFileType = sourcecode.swift; path = ProxyTests.swift; sourceTree = "<group>"; };
		9491895129927A860048071C /* DetailMovieViewModel.swift */ = {isa = PBXFileReference; lastKnownFileType = sourcecode.swift; path = DetailMovieViewModel.swift; sourceTree = "<group>"; };
		9491895329927A9D0048071C /* DetailMovieViewModelProtocol.swift */ = {isa = PBXFileReference; lastKnownFileType = sourcecode.swift; path = DetailMovieViewModelProtocol.swift; sourceTree = "<group>"; };
		94996545299194D200BA2F99 /* FileService.swift */ = {isa = PBXFileReference; lastKnownFileType = sourcecode.swift; path = FileService.swift; sourceTree = "<group>"; };
		94996547299194F500BA2F99 /* FileServiceProtocol.swift */ = {isa = PBXFileReference; lastKnownFileType = sourcecode.swift; path = FileServiceProtocol.swift; sourceTree = "<group>"; };
		949965492991955B00BA2F99 /* ImageNetworkService.swift */ = {isa = PBXFileReference; lastKnownFileType = sourcecode.swift; path = ImageNetworkService.swift; sourceTree = "<group>"; };
		9499654B2991957700BA2F99 /* ImageNetworkServiceProtocol.swift */ = {isa = PBXFileReference; lastKnownFileType = sourcecode.swift; path = ImageNetworkServiceProtocol.swift; sourceTree = "<group>"; };
		94996550299197C300BA2F99 /* ProxyProtocol.swift */ = {isa = PBXFileReference; lastKnownFileType = sourcecode.swift; path = ProxyProtocol.swift; sourceTree = "<group>"; };
		949965522991980900BA2F99 /* Proxy.swift */ = {isa = PBXFileReference; lastKnownFileType = sourcecode.swift; path = Proxy.swift; sourceTree = "<group>"; };
		949965552991990700BA2F99 /* ImageService.swift */ = {isa = PBXFileReference; lastKnownFileType = sourcecode.swift; path = ImageService.swift; sourceTree = "<group>"; };
		949965572991991D00BA2F99 /* ImageServiceProtocol.swift */ = {isa = PBXFileReference; lastKnownFileType = sourcecode.swift; path = ImageServiceProtocol.swift; sourceTree = "<group>"; };
		94D945052993C985002A8EF7 /* Typealias.swift */ = {isa = PBXFileReference; lastKnownFileType = sourcecode.swift; path = Typealias.swift; sourceTree = "<group>"; };
		C58CFC69DBA41AB2AC53943A /* Pods_UIKitMovie.framework */ = {isa = PBXFileReference; explicitFileType = wrapper.framework; includeInIndex = 0; path = Pods_UIKitMovie.framework; sourceTree = BUILT_PRODUCTS_DIR; };
		EFC2C9D9CC09A7D8FC61D3D8 /* Pods-UIKitMovie.release.xcconfig */ = {isa = PBXFileReference; includeInIndex = 1; lastKnownFileType = text.xcconfig; name = "Pods-UIKitMovie.release.xcconfig"; path = "Target Support Files/Pods-UIKitMovie/Pods-UIKitMovie.release.xcconfig"; sourceTree = "<group>"; };
/* End PBXFileReference section */

/* Begin PBXFrameworksBuildPhase section */
		944DBC1E29980B29009AC31B /* Frameworks */ = {
			isa = PBXFrameworksBuildPhase;
			buildActionMask = 2147483647;
			files = (
			);
			runOnlyForDeploymentPostprocessing = 0;
		};
		944DBC2D299813C7009AC31B /* Frameworks */ = {
			isa = PBXFrameworksBuildPhase;
			buildActionMask = 2147483647;
			files = (
			);
			runOnlyForDeploymentPostprocessing = 0;
		};
		9474D80E29070B9600C41961 /* Frameworks */ = {
			isa = PBXFrameworksBuildPhase;
			buildActionMask = 2147483647;
			files = (
				E56B75E47B428DE4BB640776 /* Pods_UIKitMovie.framework in Frameworks */,
			);
			runOnlyForDeploymentPostprocessing = 0;
		};
/* End PBXFrameworksBuildPhase section */

/* Begin PBXGroup section */
		617D918B25E218577B3210BF /* Frameworks */ = {
			isa = PBXGroup;
			children = (
				C58CFC69DBA41AB2AC53943A /* Pods_UIKitMovie.framework */,
			);
			name = Frameworks;
			sourceTree = "<group>";
		};
		942E34D52991A643009F844A /* Coordinator */ = {
			isa = PBXGroup;
			children = (
				942E34DF2991AEE7009F844A /* ApplicationCoordinator.swift */,
				942E34D82991A6FB009F844A /* BaseCoordinator.swift */,
				942E34D62991A66B009F844A /* ListMovieCoordinator.swift */,
			);
			path = Coordinator;
			sourceTree = "<group>";
		};
		942E34DA2991AC3F009F844A /* AssemblyBuilder */ = {
			isa = PBXGroup;
			children = (
				942E34DD2991AC84009F844A /* AssemblyBuilderProtocol.swift */,
				942E34DB2991AC60009F844A /* AssemblyBuilder.swift */,
			);
			path = AssemblyBuilder;
			sourceTree = "<group>";
		};
		944DBC2229980B29009AC31B /* UIKitMovieUITests */ = {
			isa = PBXGroup;
			children = (
				944DBC2329980B29009AC31B /* UIKitMovieUITests.swift */,
				944DBC2529980B29009AC31B /* UIKitMovieUITestsLaunchTests.swift */,
			);
			path = UIKitMovieUITests;
			sourceTree = "<group>";
		};
		944DBC31299813C7009AC31B /* UIKitMovieTests */ = {
			isa = PBXGroup;
			children = (
				944DBC3B2998221B009AC31B /* Mock */,
				944DBC32299813C7009AC31B /* ListMovieViewModelTests.swift */,
				945B000C29984EA50062F11D /* DetailMovieViewModelTests.swift */,
				9488D5102998DDA3009929FF /* BaseCoordinatorTests.swift */,
				9488D5122998ED17009929FF /* NetworkServiceTests.swift */,
				9488D51429990F16009929FF /* KeyChainServiceTests.swift */,
				9488D51629991357009929FF /* AssemblyBuilderTests.swift */,
				9488D51C299930A0009929FF /* FileServiceTests.swift */,
				9488D51E299938D2009929FF /* ImageNetworkServiceTests.swift */,
				9488D52029997BD2009929FF /* ProxyTests.swift */,
			);
			path = UIKitMovieTests;
			sourceTree = "<group>";
		};
		944DBC3B2998221B009AC31B /* Mock */ = {
			isa = PBXGroup;
			children = (
				944DBC3929981C84009AC31B /* MockNetworkService.swift */,
				945B0002299829330062F11D /* MockKeyChainService.swift */,
				945B0004299832C20062F11D /* MockImageService.swift */,
				945B00062998358D0062F11D /* MockImageNetworkService.swift */,
				945B0008299835EF0062F11D /* MockCoreDataService.swift */,
				9488D50E2998DD13009929FF /* MockCoordinator.swift */,
				9488D51829992BD4009929FF /* MockFileService.swift */,
				9488D51A29992C8F009929FF /* MockProxy.swift */,
			);
			path = Mock;
			sourceTree = "<group>";
		};
		946853A929912DF500C98D3F /* Helpers */ = {
			isa = PBXGroup;
			children = (
				943180DE290B25F80010D03F /* CustomLabel.swift */,
				94D945052993C985002A8EF7 /* Typealias.swift */,
				946853AA299132A500C98D3F /* MethodType.swift */,
				943CD4012992BD4F00C1FC7A /* AlertDelegate.swift */,
				943CD4032992F62500C1FC7A /* ListMovieStates.swift */,
				946EC32629941DB000A10FBA /* KeyChainService */,
				942E34DA2991AC3F009F844A /* AssemblyBuilder */,
				942E34D52991A643009F844A /* Coordinator */,
				949965592991992C00BA2F99 /* ImageService */,
				949965542991980F00BA2F99 /* Proxy */,
				9499654D2991978600BA2F99 /* NetworkService */,
				9499654E2991979500BA2F99 /* ImageNetworkService */,
				9499654F299197A100BA2F99 /* FileService */,
			);
			path = Helpers;
			sourceTree = "<group>";
		};
		946EC32629941DB000A10FBA /* KeyChainService */ = {
			isa = PBXGroup;
			children = (
				946EC32729941DD800A10FBA /* KeyChainServiceProtocol.swift */,
				946EC32429941D8A00A10FBA /* KeyChainService.swift */,
			);
			path = KeyChainService;
			sourceTree = "<group>";
		};
		946EC32C2994497800A10FBA /* CoreData */ = {
			isa = PBXGroup;
			children = (
				944DBC1829951252009AC31B /* MovieDataModel.xcdatamodeld */,
				944DBC1B29957F05009AC31B /* CoreDataServiceProtocol.swift */,
				946EC32D29944A9600A10FBA /* CoreDataService.swift */,
			);
			path = CoreData;
			sourceTree = "<group>";
		};
		9474D80829070B9600C41961 = {
			isa = PBXGroup;
			children = (
				9474D81329070B9600C41961 /* UIKitMovie */,
				944DBC2229980B29009AC31B /* UIKitMovieUITests */,
				944DBC31299813C7009AC31B /* UIKitMovieTests */,
				9474D81229070B9600C41961 /* Products */,
				E290D94451D9441CD4B34B90 /* Pods */,
				617D918B25E218577B3210BF /* Frameworks */,
			);
			sourceTree = "<group>";
		};
		9474D81229070B9600C41961 /* Products */ = {
			isa = PBXGroup;
			children = (
				9474D81129070B9600C41961 /* UIKitMovie.app */,
				944DBC2129980B29009AC31B /* UIKitMovieUITests.xctest */,
				944DBC30299813C7009AC31B /* UIKitMovieTests.xctest */,
			);
			name = Products;
			sourceTree = "<group>";
		};
		9474D81329070B9600C41961 /* UIKitMovie */ = {
			isa = PBXGroup;
			children = (
				9474D81429070B9600C41961 /* AppDelegate.swift */,
				9474D81629070B9600C41961 /* SceneDelegate.swift */,
				9474D82E29080F4000C41961 /* Model */,
				9474D83229080FB900C41961 /* View */,
				9474D82F29080F5900C41961 /* ViewModel */,
				9474D83329087EB200C41961 /* Extension */,
				946853A929912DF500C98D3F /* Helpers */,
				9474D81A29070B9600C41961 /* Main.storyboard */,
				9474D81D29070B9700C41961 /* Assets.xcassets */,
				9474D81F29070B9700C41961 /* LaunchScreen.storyboard */,
				945B0000299824AB0062F11D /* MockMovie.json */,
				9474D82229070B9700C41961 /* Info.plist */,
				946EC32C2994497800A10FBA /* CoreData */,
			);
			path = UIKitMovie;
			sourceTree = "<group>";
		};
		9474D82E29080F4000C41961 /* Model */ = {
			isa = PBXGroup;
			children = (
				946853B029916C5400C98D3F /* ResultsMovie.swift */,
				9474D82A29075EA900C41961 /* Movie.swift */,
			);
			path = Model;
			sourceTree = "<group>";
		};
		9474D82F29080F5900C41961 /* ViewModel */ = {
			isa = PBXGroup;
			children = (
				9491895029927A620048071C /* ListMovie */,
				9491895529927AE90048071C /* DetailMovie */,
			);
			path = ViewModel;
			sourceTree = "<group>";
		};
		9474D83229080FB900C41961 /* View */ = {
			isa = PBXGroup;
			children = (
				9474D83029080FB000C41961 /* ListMovieTableViewCell.swift */,
				9474D81829070B9600C41961 /* ListMovieViewController.swift */,
				9431FAA129094BB100BFF7C3 /* DetailMovieViewController.swift */,
			);
			path = View;
			sourceTree = "<group>";
		};
		9474D83329087EB200C41961 /* Extension */ = {
			isa = PBXGroup;
			children = (
				943180E0290B53A70010D03F /* NSMutableAttributedString+Extension.swift */,
				946853AE299157DE00C98D3F /* UIViewController+Extension.swift */,
			);
			path = Extension;
			sourceTree = "<group>";
		};
		9491895029927A620048071C /* ListMovie */ = {
			isa = PBXGroup;
			children = (
				942E34E32991BB0D009F844A /* ListMovieViewModelProtocol.swift */,
				942E34E52991BC14009F844A /* ListMovieViewModel.swift */,
			);
			path = ListMovie;
			sourceTree = "<group>";
		};
		9491895529927AE90048071C /* DetailMovie */ = {
			isa = PBXGroup;
			children = (
				9491895329927A9D0048071C /* DetailMovieViewModelProtocol.swift */,
				9491895129927A860048071C /* DetailMovieViewModel.swift */,
			);
			path = DetailMovie;
			sourceTree = "<group>";
		};
		9499654D2991978600BA2F99 /* NetworkService */ = {
			isa = PBXGroup;
			children = (
				946853B229917B7500C98D3F /* NetworkServiceProtocol.swift */,
				946853AC2991330A00C98D3F /* NetworkService.swift */,
			);
			path = NetworkService;
			sourceTree = "<group>";
		};
		9499654E2991979500BA2F99 /* ImageNetworkService */ = {
			isa = PBXGroup;
			children = (
				9499654B2991957700BA2F99 /* ImageNetworkServiceProtocol.swift */,
				949965492991955B00BA2F99 /* ImageNetworkService.swift */,
			);
			path = ImageNetworkService;
			sourceTree = "<group>";
		};
		9499654F299197A100BA2F99 /* FileService */ = {
			isa = PBXGroup;
			children = (
				94996547299194F500BA2F99 /* FileServiceProtocol.swift */,
				94996545299194D200BA2F99 /* FileService.swift */,
			);
			path = FileService;
			sourceTree = "<group>";
		};
		949965542991980F00BA2F99 /* Proxy */ = {
			isa = PBXGroup;
			children = (
				94996550299197C300BA2F99 /* ProxyProtocol.swift */,
				949965522991980900BA2F99 /* Proxy.swift */,
			);
			path = Proxy;
			sourceTree = "<group>";
		};
		949965592991992C00BA2F99 /* ImageService */ = {
			isa = PBXGroup;
			children = (
				949965572991991D00BA2F99 /* ImageServiceProtocol.swift */,
				949965552991990700BA2F99 /* ImageService.swift */,
			);
			path = ImageService;
			sourceTree = "<group>";
		};
		E290D94451D9441CD4B34B90 /* Pods */ = {
			isa = PBXGroup;
			children = (
				7434E7BB88BEACA9F0035843 /* Pods-UIKitMovie.debug.xcconfig */,
				EFC2C9D9CC09A7D8FC61D3D8 /* Pods-UIKitMovie.release.xcconfig */,
			);
			path = Pods;
			sourceTree = "<group>";
		};
/* End PBXGroup section */

/* Begin PBXNativeTarget section */
		944DBC2029980B29009AC31B /* UIKitMovieUITests */ = {
			isa = PBXNativeTarget;
			buildConfigurationList = 944DBC2B29980B29009AC31B /* Build configuration list for PBXNativeTarget "UIKitMovieUITests" */;
			buildPhases = (
				944DBC1D29980B29009AC31B /* Sources */,
				944DBC1E29980B29009AC31B /* Frameworks */,
				944DBC1F29980B29009AC31B /* Resources */,
			);
			buildRules = (
			);
			dependencies = (
				944DBC2829980B29009AC31B /* PBXTargetDependency */,
			);
			name = UIKitMovieUITests;
			productName = UIKitMovieUITests;
			productReference = 944DBC2129980B29009AC31B /* UIKitMovieUITests.xctest */;
			productType = "com.apple.product-type.bundle.ui-testing";
		};
		944DBC2F299813C7009AC31B /* UIKitMovieTests */ = {
			isa = PBXNativeTarget;
			buildConfigurationList = 944DBC36299813C7009AC31B /* Build configuration list for PBXNativeTarget "UIKitMovieTests" */;
			buildPhases = (
				944DBC2C299813C7009AC31B /* Sources */,
				944DBC2D299813C7009AC31B /* Frameworks */,
				944DBC2E299813C7009AC31B /* Resources */,
			);
			buildRules = (
			);
			dependencies = (
				944DBC35299813C7009AC31B /* PBXTargetDependency */,
			);
			name = UIKitMovieTests;
			productName = UIKitMovieTests;
			productReference = 944DBC30299813C7009AC31B /* UIKitMovieTests.xctest */;
			productType = "com.apple.product-type.bundle.unit-test";
		};
		9474D81029070B9600C41961 /* UIKitMovie */ = {
			isa = PBXNativeTarget;
			buildConfigurationList = 9474D82529070B9700C41961 /* Build configuration list for PBXNativeTarget "UIKitMovie" */;
			buildPhases = (
				87DCFBD1DB0F1A468568DC59 /* [CP] Check Pods Manifest.lock */,
				9474D82829070C0500C41961 /* Swift Format */,
				9474D82929070D2600C41961 /* Swift Lint */,
				9474D80D29070B9600C41961 /* Sources */,
				9474D80E29070B9600C41961 /* Frameworks */,
				9474D80F29070B9600C41961 /* Resources */,
				603B780458D535F3BBD46460 /* [CP] Embed Pods Frameworks */,
			);
			buildRules = (
			);
			dependencies = (
			);
			name = UIKitMovie;
			productName = UIKitMovie;
			productReference = 9474D81129070B9600C41961 /* UIKitMovie.app */;
			productType = "com.apple.product-type.application";
		};
/* End PBXNativeTarget section */

/* Begin PBXProject section */
		9474D80929070B9600C41961 /* Project object */ = {
			isa = PBXProject;
			attributes = {
				BuildIndependentTargetsInParallel = 1;
				LastSwiftUpdateCheck = 1420;
				LastUpgradeCheck = 1400;
				TargetAttributes = {
					944DBC2029980B29009AC31B = {
						CreatedOnToolsVersion = 14.2;
						TestTargetID = 9474D81029070B9600C41961;
					};
					944DBC2F299813C7009AC31B = {
						CreatedOnToolsVersion = 14.2;
						TestTargetID = 9474D81029070B9600C41961;
					};
					9474D81029070B9600C41961 = {
						CreatedOnToolsVersion = 14.0.1;
					};
				};
			};
			buildConfigurationList = 9474D80C29070B9600C41961 /* Build configuration list for PBXProject "UIKitMovie" */;
			compatibilityVersion = "Xcode 14.0";
			developmentRegion = en;
			hasScannedForEncodings = 0;
			knownRegions = (
				en,
				Base,
			);
			mainGroup = 9474D80829070B9600C41961;
			productRefGroup = 9474D81229070B9600C41961 /* Products */;
			projectDirPath = "";
			projectRoot = "";
			targets = (
				9474D81029070B9600C41961 /* UIKitMovie */,
				944DBC2029980B29009AC31B /* UIKitMovieUITests */,
				944DBC2F299813C7009AC31B /* UIKitMovieTests */,
			);
		};
/* End PBXProject section */

/* Begin PBXResourcesBuildPhase section */
		944DBC1F29980B29009AC31B /* Resources */ = {
			isa = PBXResourcesBuildPhase;
			buildActionMask = 2147483647;
			files = (
			);
			runOnlyForDeploymentPostprocessing = 0;
		};
		944DBC2E299813C7009AC31B /* Resources */ = {
			isa = PBXResourcesBuildPhase;
			buildActionMask = 2147483647;
			files = (
				945B0001299824AB0062F11D /* MockMovie.json in Resources */,
			);
			runOnlyForDeploymentPostprocessing = 0;
		};
		9474D80F29070B9600C41961 /* Resources */ = {
			isa = PBXResourcesBuildPhase;
			buildActionMask = 2147483647;
			files = (
				9474D82129070B9700C41961 /* LaunchScreen.storyboard in Resources */,
				9474D81E29070B9700C41961 /* Assets.xcassets in Resources */,
				9474D81C29070B9600C41961 /* Main.storyboard in Resources */,
			);
			runOnlyForDeploymentPostprocessing = 0;
		};
/* End PBXResourcesBuildPhase section */

/* Begin PBXShellScriptBuildPhase section */
		603B780458D535F3BBD46460 /* [CP] Embed Pods Frameworks */ = {
			isa = PBXShellScriptBuildPhase;
			buildActionMask = 2147483647;
			files = (
			);
			inputFileListPaths = (
				"${PODS_ROOT}/Target Support Files/Pods-UIKitMovie/Pods-UIKitMovie-frameworks-${CONFIGURATION}-input-files.xcfilelist",
			);
			name = "[CP] Embed Pods Frameworks";
			outputFileListPaths = (
				"${PODS_ROOT}/Target Support Files/Pods-UIKitMovie/Pods-UIKitMovie-frameworks-${CONFIGURATION}-output-files.xcfilelist",
			);
			runOnlyForDeploymentPostprocessing = 0;
			shellPath = /bin/sh;
			shellScript = "\"${PODS_ROOT}/Target Support Files/Pods-UIKitMovie/Pods-UIKitMovie-frameworks.sh\"\n";
			showEnvVarsInLog = 0;
		};
		87DCFBD1DB0F1A468568DC59 /* [CP] Check Pods Manifest.lock */ = {
			isa = PBXShellScriptBuildPhase;
			buildActionMask = 2147483647;
			files = (
			);
			inputFileListPaths = (
			);
			inputPaths = (
				"${PODS_PODFILE_DIR_PATH}/Podfile.lock",
				"${PODS_ROOT}/Manifest.lock",
			);
			name = "[CP] Check Pods Manifest.lock";
			outputFileListPaths = (
			);
			outputPaths = (
				"$(DERIVED_FILE_DIR)/Pods-UIKitMovie-checkManifestLockResult.txt",
			);
			runOnlyForDeploymentPostprocessing = 0;
			shellPath = /bin/sh;
			shellScript = "diff \"${PODS_PODFILE_DIR_PATH}/Podfile.lock\" \"${PODS_ROOT}/Manifest.lock\" > /dev/null\nif [ $? != 0 ] ; then\n    # print error to STDERR\n    echo \"error: The sandbox is not in sync with the Podfile.lock. Run 'pod install' or update your CocoaPods installation.\" >&2\n    exit 1\nfi\n# This output is used by Xcode 'outputs' to avoid re-running this script phase.\necho \"SUCCESS\" > \"${SCRIPT_OUTPUT_FILE_0}\"\n";
			showEnvVarsInLog = 0;
		};
		9474D82829070C0500C41961 /* Swift Format */ = {
			isa = PBXShellScriptBuildPhase;
			alwaysOutOfDate = 1;
			buildActionMask = 8;
			files = (
			);
			inputFileListPaths = (
			);
			inputPaths = (
			);
			name = "Swift Format";
			outputFileListPaths = (
			);
			outputPaths = (
			);
			runOnlyForDeploymentPostprocessing = 1;
			shellPath = /bin/sh;
			shellScript = "export PATH=\"$PATH:/opt/homebrew/bin\"\nif which swiftformat >/dev/null; then\n  swiftformat .\nelse\n  echo \"warning: SwiftFormat not installed, download from https://github.com/nicklockwood/SwiftFormat\"\nfi\n";
		};
		9474D82929070D2600C41961 /* Swift Lint */ = {
			isa = PBXShellScriptBuildPhase;
			alwaysOutOfDate = 1;
			buildActionMask = 12;
			files = (
			);
			inputFileListPaths = (
			);
			inputPaths = (
			);
			name = "Swift Lint";
			outputFileListPaths = (
			);
			outputPaths = (
			);
			runOnlyForDeploymentPostprocessing = 0;
			shellPath = /bin/sh;
			shellScript = "export PATH=\"$PATH:/opt/homebrew/bin\"\nif which swiftlint > /dev/null; then\n  swiftlint\nelse\n  echo \"warning: SwiftLint not installed, download from https://github.com/realm/SwiftLint\"\nfi\n";
		};
/* End PBXShellScriptBuildPhase section */

/* Begin PBXSourcesBuildPhase section */
		944DBC1D29980B29009AC31B /* Sources */ = {
			isa = PBXSourcesBuildPhase;
			buildActionMask = 2147483647;
			files = (
				944DBC2629980B29009AC31B /* UIKitMovieUITestsLaunchTests.swift in Sources */,
				944DBC2429980B29009AC31B /* UIKitMovieUITests.swift in Sources */,
			);
			runOnlyForDeploymentPostprocessing = 0;
		};
		944DBC2C299813C7009AC31B /* Sources */ = {
			isa = PBXSourcesBuildPhase;
			buildActionMask = 2147483647;
			files = (
				9488D5132998ED17009929FF /* NetworkServiceTests.swift in Sources */,
				945B00072998358D0062F11D /* MockImageNetworkService.swift in Sources */,
				944DBC3A29981C84009AC31B /* MockNetworkService.swift in Sources */,
				9488D52129997BD2009929FF /* ProxyTests.swift in Sources */,
				9488D51D299930A0009929FF /* FileServiceTests.swift in Sources */,
				9488D5112998DDA3009929FF /* BaseCoordinatorTests.swift in Sources */,
				945B000D29984EA50062F11D /* DetailMovieViewModelTests.swift in Sources */,
				945B0009299835EF0062F11D /* MockCoreDataService.swift in Sources */,
				945B0005299832C20062F11D /* MockImageService.swift in Sources */,
				9488D51729991357009929FF /* AssemblyBuilderTests.swift in Sources */,
				9488D51F299938D2009929FF /* ImageNetworkServiceTests.swift in Sources */,
				9488D51529990F16009929FF /* KeyChainServiceTests.swift in Sources */,
				9488D51929992BD4009929FF /* MockFileService.swift in Sources */,
				944DBC33299813C7009AC31B /* ListMovieViewModelTests.swift in Sources */,
				9488D50F2998DD13009929FF /* MockCoordinator.swift in Sources */,
				9488D51B29992C8F009929FF /* MockProxy.swift in Sources */,
				945B0003299829330062F11D /* MockKeyChainService.swift in Sources */,
			);
			runOnlyForDeploymentPostprocessing = 0;
		};
		9474D80D29070B9600C41961 /* Sources */ = {
			isa = PBXSourcesBuildPhase;
			buildActionMask = 2147483647;
			files = (
				9499654A2991955B00BA2F99 /* ImageNetworkService.swift in Sources */,
				94D945062993C985002A8EF7 /* Typealias.swift in Sources */,
				946853AF299157DE00C98D3F /* UIViewController+Extension.swift in Sources */,
				946853B129916C5400C98D3F /* ResultsMovie.swift in Sources */,
				94996548299194F500BA2F99 /* FileServiceProtocol.swift in Sources */,
				949965532991980900BA2F99 /* Proxy.swift in Sources */,
				946853AD2991330A00C98D3F /* NetworkService.swift in Sources */,
				9474D82B29075EA900C41961 /* Movie.swift in Sources */,
				9474D81929070B9600C41961 /* ListMovieViewController.swift in Sources */,
				94996546299194D200BA2F99 /* FileService.swift in Sources */,
				9491895429927A9D0048071C /* DetailMovieViewModelProtocol.swift in Sources */,
				9499654C2991957700BA2F99 /* ImageNetworkServiceProtocol.swift in Sources */,
				946853AB299132A500C98D3F /* MethodType.swift in Sources */,
				949965582991991D00BA2F99 /* ImageServiceProtocol.swift in Sources */,
				942E34DE2991AC84009F844A /* AssemblyBuilderProtocol.swift in Sources */,
				943CD4022992BD4F00C1FC7A /* AlertDelegate.swift in Sources */,
				946EC32E29944A9600A10FBA /* CoreDataService.swift in Sources */,
				9474D83129080FB000C41961 /* ListMovieTableViewCell.swift in Sources */,
				9431FAA229094BB100BFF7C3 /* DetailMovieViewController.swift in Sources */,
				9491895229927A860048071C /* DetailMovieViewModel.swift in Sources */,
				942E34E02991AEE7009F844A /* ApplicationCoordinator.swift in Sources */,
				94996551299197C300BA2F99 /* ProxyProtocol.swift in Sources */,
				946EC32529941D8A00A10FBA /* KeyChainService.swift in Sources */,
				942E34E42991BB0D009F844A /* ListMovieViewModelProtocol.swift in Sources */,
				942E34DC2991AC60009F844A /* AssemblyBuilder.swift in Sources */,
				9474D81529070B9600C41961 /* AppDelegate.swift in Sources */,
				942E34D92991A6FB009F844A /* BaseCoordinator.swift in Sources */,
				944DBC1C29957F05009AC31B /* CoreDataServiceProtocol.swift in Sources */,
				942E34E62991BC14009F844A /* ListMovieViewModel.swift in Sources */,
				946853B329917B7500C98D3F /* NetworkServiceProtocol.swift in Sources */,
				943180DF290B25F80010D03F /* CustomLabel.swift in Sources */,
				9474D81729070B9600C41961 /* SceneDelegate.swift in Sources */,
				942E34D72991A66B009F844A /* ListMovieCoordinator.swift in Sources */,
				943180E1290B53A70010D03F /* NSMutableAttributedString+Extension.swift in Sources */,
				943CD4042992F62500C1FC7A /* ListMovieStates.swift in Sources */,
				949965562991990700BA2F99 /* ImageService.swift in Sources */,
				944DBC1A29951252009AC31B /* MovieDataModel.xcdatamodeld in Sources */,
				946EC32829941DD800A10FBA /* KeyChainServiceProtocol.swift in Sources */,
			);
			runOnlyForDeploymentPostprocessing = 0;
		};
/* End PBXSourcesBuildPhase section */

/* Begin PBXTargetDependency section */
		944DBC2829980B29009AC31B /* PBXTargetDependency */ = {
			isa = PBXTargetDependency;
			target = 9474D81029070B9600C41961 /* UIKitMovie */;
			targetProxy = 944DBC2729980B29009AC31B /* PBXContainerItemProxy */;
		};
		944DBC35299813C7009AC31B /* PBXTargetDependency */ = {
			isa = PBXTargetDependency;
			target = 9474D81029070B9600C41961 /* UIKitMovie */;
			targetProxy = 944DBC34299813C7009AC31B /* PBXContainerItemProxy */;
		};
/* End PBXTargetDependency section */

/* Begin PBXVariantGroup section */
		9474D81A29070B9600C41961 /* Main.storyboard */ = {
			isa = PBXVariantGroup;
			children = (
				9474D81B29070B9600C41961 /* Base */,
			);
			name = Main.storyboard;
			sourceTree = "<group>";
		};
		9474D81F29070B9700C41961 /* LaunchScreen.storyboard */ = {
			isa = PBXVariantGroup;
			children = (
				9474D82029070B9700C41961 /* Base */,
			);
			name = LaunchScreen.storyboard;
			sourceTree = "<group>";
		};
/* End PBXVariantGroup section */

/* Begin XCBuildConfiguration section */
		944DBC2929980B29009AC31B /* Debug */ = {
			isa = XCBuildConfiguration;
			buildSettings = {
				CODE_SIGN_STYLE = Automatic;
				CURRENT_PROJECT_VERSION = 1;
				GENERATE_INFOPLIST_FILE = YES;
				IPHONEOS_DEPLOYMENT_TARGET = 16.2;
				MARKETING_VERSION = 1.0;
				PRODUCT_BUNDLE_IDENTIFIER = "-.UIKitMovieUITests";
				PRODUCT_NAME = "$(TARGET_NAME)";
				SWIFT_EMIT_LOC_STRINGS = NO;
				SWIFT_VERSION = 5.0;
				TARGETED_DEVICE_FAMILY = "1,2";
				TEST_TARGET_NAME = UIKitMovie;
			};
			name = Debug;
		};
		944DBC2A29980B29009AC31B /* Release */ = {
			isa = XCBuildConfiguration;
			buildSettings = {
				CODE_SIGN_STYLE = Automatic;
				CURRENT_PROJECT_VERSION = 1;
				GENERATE_INFOPLIST_FILE = YES;
				IPHONEOS_DEPLOYMENT_TARGET = 16.2;
				MARKETING_VERSION = 1.0;
				PRODUCT_BUNDLE_IDENTIFIER = "-.UIKitMovieUITests";
				PRODUCT_NAME = "$(TARGET_NAME)";
				SWIFT_EMIT_LOC_STRINGS = NO;
				SWIFT_VERSION = 5.0;
				TARGETED_DEVICE_FAMILY = "1,2";
				TEST_TARGET_NAME = UIKitMovie;
			};
			name = Release;
		};
		944DBC37299813C7009AC31B /* Debug */ = {
			isa = XCBuildConfiguration;
			buildSettings = {
				BUNDLE_LOADER = "$(TEST_HOST)";
				CODE_SIGN_STYLE = Automatic;
				CURRENT_PROJECT_VERSION = 1;
				GENERATE_INFOPLIST_FILE = YES;
				IPHONEOS_DEPLOYMENT_TARGET = 16.2;
				MARKETING_VERSION = 1.0;
				PRODUCT_BUNDLE_IDENTIFIER = "-.UIKitMovieTests";
				PRODUCT_NAME = "$(TARGET_NAME)";
				SWIFT_EMIT_LOC_STRINGS = NO;
				SWIFT_VERSION = 5.0;
				TARGETED_DEVICE_FAMILY = "1,2";
				TEST_HOST = "$(BUILT_PRODUCTS_DIR)/UIKitMovie.app/$(BUNDLE_EXECUTABLE_FOLDER_PATH)/UIKitMovie";
			};
			name = Debug;
		};
		944DBC38299813C7009AC31B /* Release */ = {
			isa = XCBuildConfiguration;
			buildSettings = {
				BUNDLE_LOADER = "$(TEST_HOST)";
				CODE_SIGN_STYLE = Automatic;
				CURRENT_PROJECT_VERSION = 1;
				GENERATE_INFOPLIST_FILE = YES;
				IPHONEOS_DEPLOYMENT_TARGET = 16.2;
				MARKETING_VERSION = 1.0;
				PRODUCT_BUNDLE_IDENTIFIER = "-.UIKitMovieTests";
				PRODUCT_NAME = "$(TARGET_NAME)";
				SWIFT_EMIT_LOC_STRINGS = NO;
				SWIFT_VERSION = 5.0;
				TARGETED_DEVICE_FAMILY = "1,2";
				TEST_HOST = "$(BUILT_PRODUCTS_DIR)/UIKitMovie.app/$(BUNDLE_EXECUTABLE_FOLDER_PATH)/UIKitMovie";
			};
			name = Release;
		};
		9474D82329070B9700C41961 /* Debug */ = {
			isa = XCBuildConfiguration;
			buildSettings = {
				ALWAYS_SEARCH_USER_PATHS = NO;
				CLANG_ANALYZER_NONNULL = YES;
				CLANG_ANALYZER_NUMBER_OBJECT_CONVERSION = YES_AGGRESSIVE;
				CLANG_CXX_LANGUAGE_STANDARD = "gnu++20";
				CLANG_ENABLE_MODULES = YES;
				CLANG_ENABLE_OBJC_ARC = YES;
				CLANG_ENABLE_OBJC_WEAK = YES;
				CLANG_WARN_BLOCK_CAPTURE_AUTORELEASING = YES;
				CLANG_WARN_BOOL_CONVERSION = YES;
				CLANG_WARN_COMMA = YES;
				CLANG_WARN_CONSTANT_CONVERSION = YES;
				CLANG_WARN_DEPRECATED_OBJC_IMPLEMENTATIONS = YES;
				CLANG_WARN_DIRECT_OBJC_ISA_USAGE = YES_ERROR;
				CLANG_WARN_DOCUMENTATION_COMMENTS = YES;
				CLANG_WARN_EMPTY_BODY = YES;
				CLANG_WARN_ENUM_CONVERSION = YES;
				CLANG_WARN_INFINITE_RECURSION = YES;
				CLANG_WARN_INT_CONVERSION = YES;
				CLANG_WARN_NON_LITERAL_NULL_CONVERSION = YES;
				CLANG_WARN_OBJC_IMPLICIT_RETAIN_SELF = YES;
				CLANG_WARN_OBJC_LITERAL_CONVERSION = YES;
				CLANG_WARN_OBJC_ROOT_CLASS = YES_ERROR;
				CLANG_WARN_QUOTED_INCLUDE_IN_FRAMEWORK_HEADER = YES;
				CLANG_WARN_RANGE_LOOP_ANALYSIS = YES;
				CLANG_WARN_STRICT_PROTOTYPES = YES;
				CLANG_WARN_SUSPICIOUS_MOVE = YES;
				CLANG_WARN_UNGUARDED_AVAILABILITY = YES_AGGRESSIVE;
				CLANG_WARN_UNREACHABLE_CODE = YES;
				CLANG_WARN__DUPLICATE_METHOD_MATCH = YES;
				COPY_PHASE_STRIP = NO;
				DEBUG_INFORMATION_FORMAT = dwarf;
				ENABLE_STRICT_OBJC_MSGSEND = YES;
				ENABLE_TESTABILITY = YES;
				GCC_C_LANGUAGE_STANDARD = gnu11;
				GCC_DYNAMIC_NO_PIC = NO;
				GCC_NO_COMMON_BLOCKS = YES;
				GCC_OPTIMIZATION_LEVEL = 0;
				GCC_PREPROCESSOR_DEFINITIONS = (
					"DEBUG=1",
					"$(inherited)",
				);
				GCC_WARN_64_TO_32_BIT_CONVERSION = YES;
				GCC_WARN_ABOUT_RETURN_TYPE = YES_ERROR;
				GCC_WARN_UNDECLARED_SELECTOR = YES;
				GCC_WARN_UNINITIALIZED_AUTOS = YES_AGGRESSIVE;
				GCC_WARN_UNUSED_FUNCTION = YES;
				GCC_WARN_UNUSED_VARIABLE = YES;
				IPHONEOS_DEPLOYMENT_TARGET = 16.0;
				MTL_ENABLE_DEBUG_INFO = INCLUDE_SOURCE;
				MTL_FAST_MATH = YES;
				ONLY_ACTIVE_ARCH = YES;
				SDKROOT = iphoneos;
				SWIFT_ACTIVE_COMPILATION_CONDITIONS = DEBUG;
				SWIFT_OPTIMIZATION_LEVEL = "-Onone";
			};
			name = Debug;
		};
		9474D82429070B9700C41961 /* Release */ = {
			isa = XCBuildConfiguration;
			buildSettings = {
				ALWAYS_SEARCH_USER_PATHS = NO;
				CLANG_ANALYZER_NONNULL = YES;
				CLANG_ANALYZER_NUMBER_OBJECT_CONVERSION = YES_AGGRESSIVE;
				CLANG_CXX_LANGUAGE_STANDARD = "gnu++20";
				CLANG_ENABLE_MODULES = YES;
				CLANG_ENABLE_OBJC_ARC = YES;
				CLANG_ENABLE_OBJC_WEAK = YES;
				CLANG_WARN_BLOCK_CAPTURE_AUTORELEASING = YES;
				CLANG_WARN_BOOL_CONVERSION = YES;
				CLANG_WARN_COMMA = YES;
				CLANG_WARN_CONSTANT_CONVERSION = YES;
				CLANG_WARN_DEPRECATED_OBJC_IMPLEMENTATIONS = YES;
				CLANG_WARN_DIRECT_OBJC_ISA_USAGE = YES_ERROR;
				CLANG_WARN_DOCUMENTATION_COMMENTS = YES;
				CLANG_WARN_EMPTY_BODY = YES;
				CLANG_WARN_ENUM_CONVERSION = YES;
				CLANG_WARN_INFINITE_RECURSION = YES;
				CLANG_WARN_INT_CONVERSION = YES;
				CLANG_WARN_NON_LITERAL_NULL_CONVERSION = YES;
				CLANG_WARN_OBJC_IMPLICIT_RETAIN_SELF = YES;
				CLANG_WARN_OBJC_LITERAL_CONVERSION = YES;
				CLANG_WARN_OBJC_ROOT_CLASS = YES_ERROR;
				CLANG_WARN_QUOTED_INCLUDE_IN_FRAMEWORK_HEADER = YES;
				CLANG_WARN_RANGE_LOOP_ANALYSIS = YES;
				CLANG_WARN_STRICT_PROTOTYPES = YES;
				CLANG_WARN_SUSPICIOUS_MOVE = YES;
				CLANG_WARN_UNGUARDED_AVAILABILITY = YES_AGGRESSIVE;
				CLANG_WARN_UNREACHABLE_CODE = YES;
				CLANG_WARN__DUPLICATE_METHOD_MATCH = YES;
				COPY_PHASE_STRIP = NO;
				DEBUG_INFORMATION_FORMAT = "dwarf-with-dsym";
				ENABLE_NS_ASSERTIONS = NO;
				ENABLE_STRICT_OBJC_MSGSEND = YES;
				GCC_C_LANGUAGE_STANDARD = gnu11;
				GCC_NO_COMMON_BLOCKS = YES;
				GCC_WARN_64_TO_32_BIT_CONVERSION = YES;
				GCC_WARN_ABOUT_RETURN_TYPE = YES_ERROR;
				GCC_WARN_UNDECLARED_SELECTOR = YES;
				GCC_WARN_UNINITIALIZED_AUTOS = YES_AGGRESSIVE;
				GCC_WARN_UNUSED_FUNCTION = YES;
				GCC_WARN_UNUSED_VARIABLE = YES;
				IPHONEOS_DEPLOYMENT_TARGET = 16.0;
				MTL_ENABLE_DEBUG_INFO = NO;
				MTL_FAST_MATH = YES;
				SDKROOT = iphoneos;
				SWIFT_COMPILATION_MODE = wholemodule;
				SWIFT_OPTIMIZATION_LEVEL = "-O";
				VALIDATE_PRODUCT = YES;
			};
			name = Release;
		};
		9474D82629070B9700C41961 /* Debug */ = {
			isa = XCBuildConfiguration;
			baseConfigurationReference = 7434E7BB88BEACA9F0035843 /* Pods-UIKitMovie.debug.xcconfig */;
			buildSettings = {
				ASSETCATALOG_COMPILER_APPICON_NAME = AppIcon;
				ASSETCATALOG_COMPILER_GLOBAL_ACCENT_COLOR_NAME = AccentColor;
				CODE_SIGN_STYLE = Automatic;
				CURRENT_PROJECT_VERSION = 1;
				GENERATE_INFOPLIST_FILE = YES;
				INFOPLIST_FILE = UIKitMovie/Info.plist;
				INFOPLIST_KEY_UIApplicationSupportsIndirectInputEvents = YES;
				INFOPLIST_KEY_UILaunchStoryboardName = LaunchScreen;
				INFOPLIST_KEY_UIMainStoryboardFile = Main;
				INFOPLIST_KEY_UISupportedInterfaceOrientations_iPad = "UIInterfaceOrientationPortrait UIInterfaceOrientationPortraitUpsideDown UIInterfaceOrientationLandscapeLeft UIInterfaceOrientationLandscapeRight";
				INFOPLIST_KEY_UISupportedInterfaceOrientations_iPhone = "UIInterfaceOrientationPortrait UIInterfaceOrientationLandscapeLeft UIInterfaceOrientationLandscapeRight";
				LD_RUNPATH_SEARCH_PATHS = (
					"$(inherited)",
					"@executable_path/Frameworks",
				);
				MARKETING_VERSION = 1.0;
				PRODUCT_BUNDLE_IDENTIFIER = "-.UIKitMovie";
				PRODUCT_NAME = "$(TARGET_NAME)";
				SWIFT_EMIT_LOC_STRINGS = YES;
				SWIFT_VERSION = 5.0;
				TARGETED_DEVICE_FAMILY = "1,2";
			};
			name = Debug;
		};
		9474D82729070B9700C41961 /* Release */ = {
			isa = XCBuildConfiguration;
			baseConfigurationReference = EFC2C9D9CC09A7D8FC61D3D8 /* Pods-UIKitMovie.release.xcconfig */;
			buildSettings = {
				ASSETCATALOG_COMPILER_APPICON_NAME = AppIcon;
				ASSETCATALOG_COMPILER_GLOBAL_ACCENT_COLOR_NAME = AccentColor;
				CODE_SIGN_STYLE = Automatic;
				CURRENT_PROJECT_VERSION = 1;
				GENERATE_INFOPLIST_FILE = YES;
				INFOPLIST_FILE = UIKitMovie/Info.plist;
				INFOPLIST_KEY_UIApplicationSupportsIndirectInputEvents = YES;
				INFOPLIST_KEY_UILaunchStoryboardName = LaunchScreen;
				INFOPLIST_KEY_UIMainStoryboardFile = Main;
				INFOPLIST_KEY_UISupportedInterfaceOrientations_iPad = "UIInterfaceOrientationPortrait UIInterfaceOrientationPortraitUpsideDown UIInterfaceOrientationLandscapeLeft UIInterfaceOrientationLandscapeRight";
				INFOPLIST_KEY_UISupportedInterfaceOrientations_iPhone = "UIInterfaceOrientationPortrait UIInterfaceOrientationLandscapeLeft UIInterfaceOrientationLandscapeRight";
				LD_RUNPATH_SEARCH_PATHS = (
					"$(inherited)",
					"@executable_path/Frameworks",
				);
				MARKETING_VERSION = 1.0;
				PRODUCT_BUNDLE_IDENTIFIER = "-.UIKitMovie";
				PRODUCT_NAME = "$(TARGET_NAME)";
				SWIFT_EMIT_LOC_STRINGS = YES;
				SWIFT_VERSION = 5.0;
				TARGETED_DEVICE_FAMILY = "1,2";
			};
			name = Release;
		};
/* End XCBuildConfiguration section */

/* Begin XCConfigurationList section */
		944DBC2B29980B29009AC31B /* Build configuration list for PBXNativeTarget "UIKitMovieUITests" */ = {
			isa = XCConfigurationList;
			buildConfigurations = (
				944DBC2929980B29009AC31B /* Debug */,
				944DBC2A29980B29009AC31B /* Release */,
			);
			defaultConfigurationIsVisible = 0;
			defaultConfigurationName = Release;
		};
		944DBC36299813C7009AC31B /* Build configuration list for PBXNativeTarget "UIKitMovieTests" */ = {
			isa = XCConfigurationList;
			buildConfigurations = (
				944DBC37299813C7009AC31B /* Debug */,
				944DBC38299813C7009AC31B /* Release */,
			);
			defaultConfigurationIsVisible = 0;
			defaultConfigurationName = Release;
		};
		9474D80C29070B9600C41961 /* Build configuration list for PBXProject "UIKitMovie" */ = {
			isa = XCConfigurationList;
			buildConfigurations = (
				9474D82329070B9700C41961 /* Debug */,
				9474D82429070B9700C41961 /* Release */,
			);
			defaultConfigurationIsVisible = 0;
			defaultConfigurationName = Release;
		};
		9474D82529070B9700C41961 /* Build configuration list for PBXNativeTarget "UIKitMovie" */ = {
			isa = XCConfigurationList;
			buildConfigurations = (
				9474D82629070B9700C41961 /* Debug */,
				9474D82729070B9700C41961 /* Release */,
			);
			defaultConfigurationIsVisible = 0;
			defaultConfigurationName = Release;
		};
/* End XCConfigurationList section */

/* Begin XCVersionGroup section */
		944DBC1829951252009AC31B /* MovieDataModel.xcdatamodeld */ = {
			isa = XCVersionGroup;
			children = (
				944DBC1929951252009AC31B /* MovieDataModel.xcdatamodel */,
			);
			currentVersion = 944DBC1929951252009AC31B /* MovieDataModel.xcdatamodel */;
			path = MovieDataModel.xcdatamodeld;
			sourceTree = "<group>";
			versionGroupType = wrapper.xcdatamodel;
		};
/* End XCVersionGroup section */
	};
	rootObject = 9474D80929070B9600C41961 /* Project object */;
}
